// !$*UTF8*$!
{
	archiveVersion = 1;
	classes = {
	};
	objectVersion = 55;
	objects = {

/* Begin PBXBuildFile section */
		038ABE4C2806F0300044BF75 /* AppDelegate.swift in Sources */ = {isa = PBXBuildFile; fileRef = 038ABE4B2806F0300044BF75 /* AppDelegate.swift */; };
		038ABE4E2806F0300044BF75 /* SceneDelegate.swift in Sources */ = {isa = PBXBuildFile; fileRef = 038ABE4D2806F0300044BF75 /* SceneDelegate.swift */; };
		038ABE502806F0300044BF75 /* ViewController.swift in Sources */ = {isa = PBXBuildFile; fileRef = 038ABE4F2806F0300044BF75 /* ViewController.swift */; };
		038ABE532806F0300044BF75 /* Main.storyboard in Resources */ = {isa = PBXBuildFile; fileRef = 038ABE512806F0300044BF75 /* Main.storyboard */; };
		038ABE552806F0340044BF75 /* Assets.xcassets in Resources */ = {isa = PBXBuildFile; fileRef = 038ABE542806F0340044BF75 /* Assets.xcassets */; };
		038ABE582806F0340044BF75 /* LaunchScreen.storyboard in Resources */ = {isa = PBXBuildFile; fileRef = 038ABE562806F0340044BF75 /* LaunchScreen.storyboard */; };
		038ABE662806F40E0044BF75 /* UnitTestSampleTests.swift in Sources */ = {isa = PBXBuildFile; fileRef = 038ABE652806F40E0044BF75 /* UnitTestSampleTests.swift */; };
		038ABE6D2806F5520044BF75 /* BullsEyeGame.swift in Sources */ = {isa = PBXBuildFile; fileRef = 038ABE6C2806F5520044BF75 /* BullsEyeGame.swift */; };
		038ABE702806F5DB0044BF75 /* NetworkMonitor.swift in Sources */ = {isa = PBXBuildFile; fileRef = 038ABE6F2806F5DB0044BF75 /* NetworkMonitor.swift */; };
		038ABE722806F5F80044BF75 /* URLSessionStub.swift in Sources */ = {isa = PBXBuildFile; fileRef = 038ABE712806F5F80044BF75 /* URLSessionStub.swift */; };
		038ABE742806FCCF0044BF75 /* UnitTestSlowTests.swift in Sources */ = {isa = PBXBuildFile; fileRef = 038ABE732806FCCF0044BF75 /* UnitTestSlowTests.swift */; };
/* End PBXBuildFile section */

/* Begin PBXContainerItemProxy section */
		038ABE672806F40E0044BF75 /* PBXContainerItemProxy */ = {
			isa = PBXContainerItemProxy;
			containerPortal = 038ABE402806F0300044BF75 /* Project object */;
			proxyType = 1;
			remoteGlobalIDString = 038ABE472806F0300044BF75;
			remoteInfo = UnitTestSample;
		};
/* End PBXContainerItemProxy section */

/* Begin PBXFileReference section */
		038ABE482806F0300044BF75 /* UnitTestSample.app */ = {isa = PBXFileReference; explicitFileType = wrapper.application; includeInIndex = 0; path = UnitTestSample.app; sourceTree = BUILT_PRODUCTS_DIR; };
		038ABE4B2806F0300044BF75 /* AppDelegate.swift */ = {isa = PBXFileReference; lastKnownFileType = sourcecode.swift; path = AppDelegate.swift; sourceTree = "<group>"; };
		038ABE4D2806F0300044BF75 /* SceneDelegate.swift */ = {isa = PBXFileReference; lastKnownFileType = sourcecode.swift; path = SceneDelegate.swift; sourceTree = "<group>"; };
		038ABE4F2806F0300044BF75 /* ViewController.swift */ = {isa = PBXFileReference; lastKnownFileType = sourcecode.swift; path = ViewController.swift; sourceTree = "<group>"; };
		038ABE522806F0300044BF75 /* Base */ = {isa = PBXFileReference; lastKnownFileType = file.storyboard; name = Base; path = Base.lproj/Main.storyboard; sourceTree = "<group>"; };
		038ABE542806F0340044BF75 /* Assets.xcassets */ = {isa = PBXFileReference; lastKnownFileType = folder.assetcatalog; path = Assets.xcassets; sourceTree = "<group>"; };
		038ABE572806F0340044BF75 /* Base */ = {isa = PBXFileReference; lastKnownFileType = file.storyboard; name = Base; path = Base.lproj/LaunchScreen.storyboard; sourceTree = "<group>"; };
		038ABE592806F0340044BF75 /* Info.plist */ = {isa = PBXFileReference; lastKnownFileType = text.plist.xml; path = Info.plist; sourceTree = "<group>"; };
		038ABE632806F40D0044BF75 /* UnitTestSampleTests.xctest */ = {isa = PBXFileReference; explicitFileType = wrapper.cfbundle; includeInIndex = 0; path = UnitTestSampleTests.xctest; sourceTree = BUILT_PRODUCTS_DIR; };
		038ABE652806F40E0044BF75 /* UnitTestSampleTests.swift */ = {isa = PBXFileReference; lastKnownFileType = sourcecode.swift; path = UnitTestSampleTests.swift; sourceTree = "<group>"; };
		038ABE6C2806F5520044BF75 /* BullsEyeGame.swift */ = {isa = PBXFileReference; lastKnownFileType = sourcecode.swift; path = BullsEyeGame.swift; sourceTree = "<group>"; };
		038ABE6F2806F5DB0044BF75 /* NetworkMonitor.swift */ = {isa = PBXFileReference; lastKnownFileType = sourcecode.swift; path = NetworkMonitor.swift; sourceTree = "<group>"; };
		038ABE712806F5F80044BF75 /* URLSessionStub.swift */ = {isa = PBXFileReference; lastKnownFileType = sourcecode.swift; path = URLSessionStub.swift; sourceTree = "<group>"; };
		038ABE732806FCCF0044BF75 /* UnitTestSlowTests.swift */ = {isa = PBXFileReference; lastKnownFileType = sourcecode.swift; path = UnitTestSlowTests.swift; sourceTree = "<group>"; };
/* End PBXFileReference section */

/* Begin PBXFrameworksBuildPhase section */
		038ABE452806F0300044BF75 /* Frameworks */ = {
			isa = PBXFrameworksBuildPhase;
			buildActionMask = 2147483647;
			files = (
			);
			runOnlyForDeploymentPostprocessing = 0;
		};
		038ABE602806F40D0044BF75 /* Frameworks */ = {
			isa = PBXFrameworksBuildPhase;
			buildActionMask = 2147483647;
			files = (
			);
			runOnlyForDeploymentPostprocessing = 0;
		};
/* End PBXFrameworksBuildPhase section */

/* Begin PBXGroup section */
		038ABE3F2806F0300044BF75 = {
			isa = PBXGroup;
			children = (
				038ABE4A2806F0300044BF75 /* UnitTestSample */,
				038ABE642806F40E0044BF75 /* UnitTestSampleTests */,
				038ABE492806F0300044BF75 /* Products */,
			);
			sourceTree = "<group>";
		};
		038ABE492806F0300044BF75 /* Products */ = {
			isa = PBXGroup;
			children = (
				038ABE482806F0300044BF75 /* UnitTestSample.app */,
				038ABE632806F40D0044BF75 /* UnitTestSampleTests.xctest */,
			);
			name = Products;
			sourceTree = "<group>";
		};
		038ABE4A2806F0300044BF75 /* UnitTestSample */ = {
			isa = PBXGroup;
			children = (
				038ABE6E2806F5C60044BF75 /* Supporting file */,
				038ABE4B2806F0300044BF75 /* AppDelegate.swift */,
				038ABE542806F0340044BF75 /* Assets.xcassets */,
				038ABE6C2806F5520044BF75 /* BullsEyeGame.swift */,
				038ABE592806F0340044BF75 /* Info.plist */,
				038ABE562806F0340044BF75 /* LaunchScreen.storyboard */,
				038ABE512806F0300044BF75 /* Main.storyboard */,
				038ABE4D2806F0300044BF75 /* SceneDelegate.swift */,
				038ABE4F2806F0300044BF75 /* ViewController.swift */,
			);
			path = UnitTestSample;
			sourceTree = "<group>";
		};
		038ABE642806F40E0044BF75 /* UnitTestSampleTests */ = {
			isa = PBXGroup;
			children = (
				038ABE652806F40E0044BF75 /* UnitTestSampleTests.swift */,
				038ABE732806FCCF0044BF75 /* UnitTestSlowTests.swift */,
			);
			path = UnitTestSampleTests;
			sourceTree = "<group>";
		};
		038ABE6E2806F5C60044BF75 /* Supporting file */ = {
			isa = PBXGroup;
			children = (
				038ABE6F2806F5DB0044BF75 /* NetworkMonitor.swift */,
				038ABE712806F5F80044BF75 /* URLSessionStub.swift */,
			);
			path = "Supporting file";
			sourceTree = "<group>";
		};
/* End PBXGroup section */

/* Begin PBXNativeTarget section */
		038ABE472806F0300044BF75 /* UnitTestSample */ = {
			isa = PBXNativeTarget;
			buildConfigurationList = 038ABE5C2806F0340044BF75 /* Build configuration list for PBXNativeTarget "UnitTestSample" */;
			buildPhases = (
				038ABE442806F0300044BF75 /* Sources */,
				038ABE452806F0300044BF75 /* Frameworks */,
				038ABE462806F0300044BF75 /* Resources */,
			);
			buildRules = (
			);
			dependencies = (
			);
			name = UnitTestSample;
			productName = UnitTestSample;
			productReference = 038ABE482806F0300044BF75 /* UnitTestSample.app */;
			productType = "com.apple.product-type.application";
		};
		038ABE622806F40D0044BF75 /* UnitTestSampleTests */ = {
			isa = PBXNativeTarget;
			buildConfigurationList = 038ABE692806F40E0044BF75 /* Build configuration list for PBXNativeTarget "UnitTestSampleTests" */;
			buildPhases = (
				038ABE5F2806F40D0044BF75 /* Sources */,
				038ABE602806F40D0044BF75 /* Frameworks */,
				038ABE612806F40D0044BF75 /* Resources */,
			);
			buildRules = (
			);
			dependencies = (
				038ABE682806F40E0044BF75 /* PBXTargetDependency */,
			);
			name = UnitTestSampleTests;
			productName = UnitTestSampleTests;
			productReference = 038ABE632806F40D0044BF75 /* UnitTestSampleTests.xctest */;
			productType = "com.apple.product-type.bundle.unit-test";
		};
/* End PBXNativeTarget section */

/* Begin PBXProject section */
		038ABE402806F0300044BF75 /* Project object */ = {
			isa = PBXProject;
			attributes = {
				BuildIndependentTargetsInParallel = 1;
				LastSwiftUpdateCheck = 1330;
				LastUpgradeCheck = 1330;
				TargetAttributes = {
					038ABE472806F0300044BF75 = {
						CreatedOnToolsVersion = 13.3;
					};
					038ABE622806F40D0044BF75 = {
						CreatedOnToolsVersion = 13.3;
						TestTargetID = 038ABE472806F0300044BF75;
					};
				};
			};
			buildConfigurationList = 038ABE432806F0300044BF75 /* Build configuration list for PBXProject "UnitTestSample" */;
			compatibilityVersion = "Xcode 13.0";
			developmentRegion = en;
			hasScannedForEncodings = 0;
			knownRegions = (
				en,
				Base,
			);
			mainGroup = 038ABE3F2806F0300044BF75;
			productRefGroup = 038ABE492806F0300044BF75 /* Products */;
			projectDirPath = "";
			projectRoot = "";
			targets = (
				038ABE472806F0300044BF75 /* UnitTestSample */,
				038ABE622806F40D0044BF75 /* UnitTestSampleTests */,
			);
		};
/* End PBXProject section */

/* Begin PBXResourcesBuildPhase section */
		038ABE462806F0300044BF75 /* Resources */ = {
			isa = PBXResourcesBuildPhase;
			buildActionMask = 2147483647;
			files = (
				038ABE582806F0340044BF75 /* LaunchScreen.storyboard in Resources */,
				038ABE552806F0340044BF75 /* Assets.xcassets in Resources */,
				038ABE532806F0300044BF75 /* Main.storyboard in Resources */,
			);
			runOnlyForDeploymentPostprocessing = 0;
		};
		038ABE612806F40D0044BF75 /* Resources */ = {
			isa = PBXResourcesBuildPhase;
			buildActionMask = 2147483647;
			files = (
			);
			runOnlyForDeploymentPostprocessing = 0;
		};
/* End PBXResourcesBuildPhase section */

/* Begin PBXSourcesBuildPhase section */
		038ABE442806F0300044BF75 /* Sources */ = {
			isa = PBXSourcesBuildPhase;
			buildActionMask = 2147483647;
			files = (
				038ABE6D2806F5520044BF75 /* BullsEyeGame.swift in Sources */,
				038ABE502806F0300044BF75 /* ViewController.swift in Sources */,
				038ABE722806F5F80044BF75 /* URLSessionStub.swift in Sources */,
				038ABE702806F5DB0044BF75 /* NetworkMonitor.swift in Sources */,
				038ABE4C2806F0300044BF75 /* AppDelegate.swift in Sources */,
				038ABE4E2806F0300044BF75 /* SceneDelegate.swift in Sources */,
			);
			runOnlyForDeploymentPostprocessing = 0;
		};
		038ABE5F2806F40D0044BF75 /* Sources */ = {
			isa = PBXSourcesBuildPhase;
			buildActionMask = 2147483647;
			files = (
				038ABE742806FCCF0044BF75 /* UnitTestSlowTests.swift in Sources */,
				038ABE662806F40E0044BF75 /* UnitTestSampleTests.swift in Sources */,
			);
			runOnlyForDeploymentPostprocessing = 0;
		};
/* End PBXSourcesBuildPhase section */

/* Begin PBXTargetDependency section */
		038ABE682806F40E0044BF75 /* PBXTargetDependency */ = {
			isa = PBXTargetDependency;
			target = 038ABE472806F0300044BF75 /* UnitTestSample */;
			targetProxy = 038ABE672806F40E0044BF75 /* PBXContainerItemProxy */;
		};
/* End PBXTargetDependency section */

/* Begin PBXVariantGroup section */
		038ABE512806F0300044BF75 /* Main.storyboard */ = {
			isa = PBXVariantGroup;
			children = (
				038ABE522806F0300044BF75 /* Base */,
			);
			name = Main.storyboard;
			sourceTree = "<group>";
		};
		038ABE562806F0340044BF75 /* LaunchScreen.storyboard */ = {
			isa = PBXVariantGroup;
			children = (
				038ABE572806F0340044BF75 /* Base */,
			);
			name = LaunchScreen.storyboard;
			sourceTree = "<group>";
		};
/* End PBXVariantGroup section */

/* Begin XCBuildConfiguration section */
		038ABE5A2806F0340044BF75 /* Debug */ = {
			isa = XCBuildConfiguration;
			buildSettings = {
				ALWAYS_SEARCH_USER_PATHS = NO;
				CLANG_ANALYZER_NONNULL = YES;
				CLANG_ANALYZER_NUMBER_OBJECT_CONVERSION = YES_AGGRESSIVE;
				CLANG_CXX_LANGUAGE_STANDARD = "gnu++17";
				CLANG_ENABLE_MODULES = YES;
				CLANG_ENABLE_OBJC_ARC = YES;
				CLANG_ENABLE_OBJC_WEAK = YES;
				CLANG_WARN_BLOCK_CAPTURE_AUTORELEASING = YES;
				CLANG_WARN_BOOL_CONVERSION = YES;
				CLANG_WARN_COMMA = YES;
				CLANG_WARN_CONSTANT_CONVERSION = YES;
				CLANG_WARN_DEPRECATED_OBJC_IMPLEMENTATIONS = YES;
				CLANG_WARN_DIRECT_OBJC_ISA_USAGE = YES_ERROR;
				CLANG_WARN_DOCUMENTATION_COMMENTS = YES;
				CLANG_WARN_EMPTY_BODY = YES;
				CLANG_WARN_ENUM_CONVERSION = YES;
				CLANG_WARN_INFINITE_RECURSION = YES;
				CLANG_WARN_INT_CONVERSION = YES;
				CLANG_WARN_NON_LITERAL_NULL_CONVERSION = YES;
				CLANG_WARN_OBJC_IMPLICIT_RETAIN_SELF = YES;
				CLANG_WARN_OBJC_LITERAL_CONVERSION = YES;
				CLANG_WARN_OBJC_ROOT_CLASS = YES_ERROR;
				CLANG_WARN_QUOTED_INCLUDE_IN_FRAMEWORK_HEADER = YES;
				CLANG_WARN_RANGE_LOOP_ANALYSIS = YES;
				CLANG_WARN_STRICT_PROTOTYPES = YES;
				CLANG_WARN_SUSPICIOUS_MOVE = YES;
				CLANG_WARN_UNGUARDED_AVAILABILITY = YES_AGGRESSIVE;
				CLANG_WARN_UNREACHABLE_CODE = YES;
				CLANG_WARN__DUPLICATE_METHOD_MATCH = YES;
				COPY_PHASE_STRIP = NO;
				DEBUG_INFORMATION_FORMAT = dwarf;
				ENABLE_STRICT_OBJC_MSGSEND = YES;
				ENABLE_TESTABILITY = YES;
				GCC_C_LANGUAGE_STANDARD = gnu11;
				GCC_DYNAMIC_NO_PIC = NO;
				GCC_NO_COMMON_BLOCKS = YES;
				GCC_OPTIMIZATION_LEVEL = 0;
				GCC_PREPROCESSOR_DEFINITIONS = (
					"DEBUG=1",
					"$(inherited)",
				);
				GCC_WARN_64_TO_32_BIT_CONVERSION = YES;
				GCC_WARN_ABOUT_RETURN_TYPE = YES_ERROR;
				GCC_WARN_UNDECLARED_SELECTOR = YES;
				GCC_WARN_UNINITIALIZED_AUTOS = YES_AGGRESSIVE;
				GCC_WARN_UNUSED_FUNCTION = YES;
				GCC_WARN_UNUSED_VARIABLE = YES;
				IPHONEOS_DEPLOYMENT_TARGET = 15.4;
				MTL_ENABLE_DEBUG_INFO = INCLUDE_SOURCE;
				MTL_FAST_MATH = YES;
				ONLY_ACTIVE_ARCH = YES;
				SDKROOT = iphoneos;
				SWIFT_ACTIVE_COMPILATION_CONDITIONS = DEBUG;
				SWIFT_OPTIMIZATION_LEVEL = "-Onone";
			};
			name = Debug;
		};
		038ABE5B2806F0340044BF75 /* Release */ = {
			isa = XCBuildConfiguration;
			buildSettings = {
				ALWAYS_SEARCH_USER_PATHS = NO;
				CLANG_ANALYZER_NONNULL = YES;
				CLANG_ANALYZER_NUMBER_OBJECT_CONVERSION = YES_AGGRESSIVE;
				CLANG_CXX_LANGUAGE_STANDARD = "gnu++17";
				CLANG_ENABLE_MODULES = YES;
				CLANG_ENABLE_OBJC_ARC = YES;
				CLANG_ENABLE_OBJC_WEAK = YES;
				CLANG_WARN_BLOCK_CAPTURE_AUTORELEASING = YES;
				CLANG_WARN_BOOL_CONVERSION = YES;
				CLANG_WARN_COMMA = YES;
				CLANG_WARN_CONSTANT_CONVERSION = YES;
				CLANG_WARN_DEPRECATED_OBJC_IMPLEMENTATIONS = YES;
				CLANG_WARN_DIRECT_OBJC_ISA_USAGE = YES_ERROR;
				CLANG_WARN_DOCUMENTATION_COMMENTS = YES;
				CLANG_WARN_EMPTY_BODY = YES;
				CLANG_WARN_ENUM_CONVERSION = YES;
				CLANG_WARN_INFINITE_RECURSION = YES;
				CLANG_WARN_INT_CONVERSION = YES;
				CLANG_WARN_NON_LITERAL_NULL_CONVERSION = YES;
				CLANG_WARN_OBJC_IMPLICIT_RETAIN_SELF = YES;
				CLANG_WARN_OBJC_LITERAL_CONVERSION = YES;
				CLANG_WARN_OBJC_ROOT_CLASS = YES_ERROR;
				CLANG_WARN_QUOTED_INCLUDE_IN_FRAMEWORK_HEADER = YES;
				CLANG_WARN_RANGE_LOOP_ANALYSIS = YES;
				CLANG_WARN_STRICT_PROTOTYPES = YES;
				CLANG_WARN_SUSPICIOUS_MOVE = YES;
				CLANG_WARN_UNGUARDED_AVAILABILITY = YES_AGGRESSIVE;
				CLANG_WARN_UNREACHABLE_CODE = YES;
				CLANG_WARN__DUPLICATE_METHOD_MATCH = YES;
				COPY_PHASE_STRIP = NO;
				DEBUG_INFORMATION_FORMAT = "dwarf-with-dsym";
				ENABLE_NS_ASSERTIONS = NO;
				ENABLE_STRICT_OBJC_MSGSEND = YES;
				GCC_C_LANGUAGE_STANDARD = gnu11;
				GCC_NO_COMMON_BLOCKS = YES;
				GCC_WARN_64_TO_32_BIT_CONVERSION = YES;
				GCC_WARN_ABOUT_RETURN_TYPE = YES_ERROR;
				GCC_WARN_UNDECLARED_SELECTOR = YES;
				GCC_WARN_UNINITIALIZED_AUTOS = YES_AGGRESSIVE;
				GCC_WARN_UNUSED_FUNCTION = YES;
				GCC_WARN_UNUSED_VARIABLE = YES;
				IPHONEOS_DEPLOYMENT_TARGET = 15.4;
				MTL_ENABLE_DEBUG_INFO = NO;
				MTL_FAST_MATH = YES;
				SDKROOT = iphoneos;
				SWIFT_COMPILATION_MODE = wholemodule;
				SWIFT_OPTIMIZATION_LEVEL = "-O";
				VALIDATE_PRODUCT = YES;
			};
			name = Release;
		};
		038ABE5D2806F0340044BF75 /* Debug */ = {
			isa = XCBuildConfiguration;
			buildSettings = {
				ASSETCATALOG_COMPILER_APPICON_NAME = AppIcon;
				ASSETCATALOG_COMPILER_GLOBAL_ACCENT_COLOR_NAME = AccentColor;
				CODE_SIGN_STYLE = Automatic;
				CURRENT_PROJECT_VERSION = 1;
				DEVELOPMENT_TEAM = Z76K2Q3HH9;
				GENERATE_INFOPLIST_FILE = YES;
				INFOPLIST_FILE = UnitTestSample/Info.plist;
				INFOPLIST_KEY_UIApplicationSupportsIndirectInputEvents = YES;
				INFOPLIST_KEY_UILaunchStoryboardName = LaunchScreen;
				INFOPLIST_KEY_UIMainStoryboardFile = Main;
				INFOPLIST_KEY_UISupportedInterfaceOrientations_iPad = "UIInterfaceOrientationPortrait UIInterfaceOrientationPortraitUpsideDown UIInterfaceOrientationLandscapeLeft UIInterfaceOrientationLandscapeRight";
				INFOPLIST_KEY_UISupportedInterfaceOrientations_iPhone = "UIInterfaceOrientationPortrait UIInterfaceOrientationLandscapeLeft UIInterfaceOrientationLandscapeRight";
				IPHONEOS_DEPLOYMENT_TARGET = 15.0;
				LD_RUNPATH_SEARCH_PATHS = (
					"$(inherited)",
					"@executable_path/Frameworks",
				);
				MARKETING_VERSION = 1.0;
				PRODUCT_BUNDLE_IDENTIFIER = sehosseini.app.UnitTestSample;
				PRODUCT_NAME = "$(TARGET_NAME)";
				SWIFT_EMIT_LOC_STRINGS = YES;
				SWIFT_VERSION = 5.0;
				TARGETED_DEVICE_FAMILY = "1,2";
			};
			name = Debug;
		};
		038ABE5E2806F0340044BF75 /* Release */ = {
			isa = XCBuildConfiguration;
			buildSettings = {
				ASSETCATALOG_COMPILER_APPICON_NAME = AppIcon;
				ASSETCATALOG_COMPILER_GLOBAL_ACCENT_COLOR_NAME = AccentColor;
				CODE_SIGN_STYLE = Automatic;
				CURRENT_PROJECT_VERSION = 1;
				DEVELOPMENT_TEAM = Z76K2Q3HH9;
				GENERATE_INFOPLIST_FILE = YES;
				INFOPLIST_FILE = UnitTestSample/Info.plist;
				INFOPLIST_KEY_UIApplicationSupportsIndirectInputEvents = YES;
				INFOPLIST_KEY_UILaunchStoryboardName = LaunchScreen;
				INFOPLIST_KEY_UIMainStoryboardFile = Main;
				INFOPLIST_KEY_UISupportedInterfaceOrientations_iPad = "UIInterfaceOrientationPortrait UIInterfaceOrientationPortraitUpsideDown UIInterfaceOrientationLandscapeLeft UIInterfaceOrientationLandscapeRight";
				INFOPLIST_KEY_UISupportedInterfaceOrientations_iPhone = "UIInterfaceOrientationPortrait UIInterfaceOrientationLandscapeLeft UIInterfaceOrientationLandscapeRight";
				IPHONEOS_DEPLOYMENT_TARGET = 15.0;
				LD_RUNPATH_SEARCH_PATHS = (
					"$(inherited)",
					"@executable_path/Frameworks",
				);
				MARKETING_VERSION = 1.0;
				PRODUCT_BUNDLE_IDENTIFIER = sehosseini.app.UnitTestSample;
				PRODUCT_NAME = "$(TARGET_NAME)";
				SWIFT_EMIT_LOC_STRINGS = YES;
				SWIFT_VERSION = 5.0;
				TARGETED_DEVICE_FAMILY = "1,2";
			};
			name = Release;
		};
		038ABE6A2806F40E0044BF75 /* Debug */ = {
			isa = XCBuildConfiguration;
			buildSettings = {
				BUNDLE_LOADER = "$(TEST_HOST)";
				CODE_SIGN_STYLE = Automatic;
				CURRENT_PROJECT_VERSION = 1;
				DEVELOPMENT_TEAM = Z76K2Q3HH9;
				GENERATE_INFOPLIST_FILE = YES;
				MARKETING_VERSION = 1.0;
				PRODUCT_BUNDLE_IDENTIFIER = sehosseini.app.UnitTestSampleTests;
				PRODUCT_NAME = "$(TARGET_NAME)";
				SWIFT_EMIT_LOC_STRINGS = NO;
				SWIFT_VERSION = 5.0;
				TARGETED_DEVICE_FAMILY = "1,2";
				TEST_HOST = "$(BUILT_PRODUCTS_DIR)/UnitTestSample.app/UnitTestSample";
			};
			name = Debug;
		};
		038ABE6B2806F40E0044BF75 /* Release */ = {
			isa = XCBuildConfiguration;
			buildSettings = {
				BUNDLE_LOADER = "$(TEST_HOST)";
				CODE_SIGN_STYLE = Automatic;
				CURRENT_PROJECT_VERSION = 1;
				DEVELOPMENT_TEAM = Z76K2Q3HH9;
				GENERATE_INFOPLIST_FILE = YES;
				MARKETING_VERSION = 1.0;
				PRODUCT_BUNDLE_IDENTIFIER = sehosseini.app.UnitTestSampleTests;
				PRODUCT_NAME = "$(TARGET_NAME)";
				SWIFT_EMIT_LOC_STRINGS = NO;
				SWIFT_VERSION = 5.0;
				TARGETED_DEVICE_FAMILY = "1,2";
				TEST_HOST = "$(BUILT_PRODUCTS_DIR)/UnitTestSample.app/UnitTestSample";
			};
			name = Release;
		};
/* End XCBuildConfiguration section */

/* Begin XCConfigurationList section */
		038ABE432806F0300044BF75 /* Build configuration list for PBXProject "UnitTestSample" */ = {
			isa = XCConfigurationList;
			buildConfigurations = (
				038ABE5A2806F0340044BF75 /* Debug */,
				038ABE5B2806F0340044BF75 /* Release */,
			);
			defaultConfigurationIsVisible = 0;
			defaultConfigurationName = Release;
		};
		038ABE5C2806F0340044BF75 /* Build configuration list for PBXNativeTarget "UnitTestSample" */ = {
			isa = XCConfigurationList;
			buildConfigurations = (
				038ABE5D2806F0340044BF75 /* Debug */,
				038ABE5E2806F0340044BF75 /* Release */,
			);
			defaultConfigurationIsVisible = 0;
			defaultConfigurationName = Release;
		};
		038ABE692806F40E0044BF75 /* Build configuration list for PBXNativeTarget "UnitTestSampleTests" */ = {
			isa = XCConfigurationList;
			buildConfigurations = (
				038ABE6A2806F40E0044BF75 /* Debug */,
				038ABE6B2806F40E0044BF75 /* Release */,
			);
			defaultConfigurationIsVisible = 0;
			defaultConfigurationName = Release;
		};
/* End XCConfigurationList section */
	};
	rootObject = 038ABE402806F0300044BF75 /* Project object */;
}
